{
  "nodes": {
    "nixpkgs": {
      "locked": {
        "narHash": "sha256-gwrPcFf/rDjHPaVflbDZ040ZDmBTRj/7+s8ZmE2SaIM=",
        "rev": "b18a4b905f8d028dc4476412e6d6891728695379",
        "revCount": 1012336,
        "type": "tarball",
        "url": "https://api.flakehub.com/f/pinned/NixOS/nixpkgs/0.2605.1012336+rev-b18a4b905f8d028dc4476412e6d6891728695379/01a01b1d-c5c8-76a1-a130-990e623a8e2a/source.tar.gz?rev=b18a4b905f8d028dc4476412e6d6891728695379&revCount=1012336"
      },
      "original": {
        "type": "tarball",
        "url": "https://api.flakehub.com/f/NixOS/nixpkgs/0.tar.gz"
      }
    },
    "root": {
      "inputs": {
        "nixpkgs": "nixpkgs",
        "rust-overlay": "rust-overlay"
      }
    },
    "rust-overlay": {
      "inputs": {
        "nixpkgs": [
          "nixpkgs"
        ]
      },
      "locked": {
        "lastModified": 1789110695,
        "narHash": "sha256-llh6ZJN8/G4QCED9m6nHEfWhz2ONOzkKyvWHivNqW7A=",
        "owner": "oxalica",
        "repo": "rust-overlay",
        "rev": "ab777f900c3de943e117eb4814ddff6f645b28ad",
        "type": "github"
      },
      "original": {
        "owner": "oxalica",
        "repo": "rust-overlay",
        "type": "github"
      }
    }
  },
  "root": "root",
  "version": 7
}
